
Microsoft Visual Studio Solution File, Format Version 12.00
# Visual Studio Version 17
VisualStudioVersion = 17.8.34511.84
MinimumVisualStudioVersion = 10.0.40219.1
Project("{9A19103F-16F7-4668-BE54-9A1E7A4F7556}") = "MyClassLibrary", "MyClassLibrary\MyClassLibrary.csproj", "{1B6AEBA2-FD14-441F-9DC0-DA14AAA21830}"
EndProject
Project("{9A19103F-16F7-4668-BE54-9A1E7A4F7556}") = "MyWPF", "MyWPF\MyWPF.csproj", "{49B03F9C-6999-42FA-9D9F-FF2A3E183799}"
EndProject
Global
	GlobalSection(SolutionConfigurationPlatforms) = preSolution
		Debug|Any CPU = Debug|Any CPU
		Release|Any CPU = Release|Any CPU
	EndGlobalSection
	GlobalSection(ProjectConfigurationPlatforms) = postSolution
		{1B6AEBA2-FD14-441F-9DC0-DA14AAA21830}.Debug|Any CPU.ActiveCfg = Debug|Any CPU
		{1B6AEBA2-FD14-441F-9DC0-DA14AAA21830}.Debug|Any CPU.Build.0 = Debug|Any CPU
		{1B6AEBA2-FD14-441F-9DC0-DA14AAA21830}.Release|Any CPU.ActiveCfg = Release|Any CPU
		{1B6AEBA2-FD14-441F-9DC0-DA14AAA21830}.Release|Any CPU.Build.0 = Release|Any CPU
		{49B03F9C-6999-42FA-9D9F-FF2A3E183799}.Debug|Any CPU.ActiveCfg = Debug|Any CPU
		{49B03F9C-6999-42FA-9D9F-FF2A3E183799}.Debug|Any CPU.Build.0 = Debug|Any CPU
		{49B03F9C-6999-42FA-9D9F-FF2A3E183799}.Release|Any CPU.ActiveCfg = Release|Any CPU
		{49B03F9C-6999-42FA-9D9F-FF2A3E183799}.Release|Any CPU.Build.0 = Release|Any CPU
	EndGlobalSection
	GlobalSection(SolutionProperties) = preSolution
		HideSolutionNode = FALSE
	EndGlobalSection
	GlobalSection(ExtensibilityGlobals) = postSolution
		SolutionGuid = {45CF7405-886C-4CFD-B663-C5E0C833C70D}
	EndGlobalSection
EndGlobal
